// !$*UTF8*$!
{
	archiveVersion = 1;
	classes = {
	};
	objectVersion = 50;
	objects = {

/* Begin PBXBuildFile section */
		92617D60228221F80056D27E /* AppDelegate.swift in Sources */ = {isa = PBXBuildFile; fileRef = 92617D5F228221F80056D27E /* AppDelegate.swift */; };
		92617D62228221F80056D27E /* ViewController.swift in Sources */ = {isa = PBXBuildFile; fileRef = 92617D61228221F80056D27E /* ViewController.swift */; };
		92617D65228221F80056D27E /* Main.storyboard in Resources */ = {isa = PBXBuildFile; fileRef = 92617D63228221F80056D27E /* Main.storyboard */; };
		92617D67228221F90056D27E /* Assets.xcassets in Resources */ = {isa = PBXBuildFile; fileRef = 92617D66228221F90056D27E /* Assets.xcassets */; };
		92617D6A228221F90056D27E /* LaunchScreen.storyboard in Resources */ = {isa = PBXBuildFile; fileRef = 92617D68228221F90056D27E /* LaunchScreen.storyboard */; };
		92617D75228223690056D27E /* WebKit.framework in Frameworks */ = {isa = PBXBuildFile; fileRef = 92617D74228223690056D27E /* WebKit.framework */; };
		92617DF52282749C0056D27E /* Openpay.a in Frameworks */ = {isa = PBXBuildFile; fileRef = 92617DF42282749C0056D27E /* Openpay.a */; };
		92617DFF228274BE0056D27E /* OPCard.h in Frameworks */ = {isa = PBXBuildFile; fileRef = 92617DF6228274BE0056D27E /* OPCard.h */; };
		92617E00228274BE0056D27E /* Openpay-Prefix.pch in Frameworks */ = {isa = PBXBuildFile; fileRef = 92617DF7228274BE0056D27E /* Openpay-Prefix.pch */; };
		92617E01228274BE0056D27E /* OPAddress.m in Frameworks */ = {isa = PBXBuildFile; fileRef = 92617DF8228274BE0056D27E /* OPAddress.m */; };
		92617E02228274BE0056D27E /* OPAddress.h in Frameworks */ = {isa = PBXBuildFile; fileRef = 92617DF9228274BE0056D27E /* OPAddress.h */; };
		92617E03228274BE0056D27E /* OPToken.h in Frameworks */ = {isa = PBXBuildFile; fileRef = 92617DFA228274BE0056D27E /* OPToken.h */; };
		92617E04228274BE0056D27E /* OPToken.m in Frameworks */ = {isa = PBXBuildFile; fileRef = 92617DFB228274BE0056D27E /* OPToken.m */; };
		92617E05228274BE0056D27E /* OPCard.m in Frameworks */ = {isa = PBXBuildFile; fileRef = 92617DFC228274BE0056D27E /* OPCard.m */; };
		92617E06228274BE0056D27E /* Openpay.h in Frameworks */ = {isa = PBXBuildFile; fileRef = 92617DFD228274BE0056D27E /* Openpay.h */; };
		92617E07228274BE0056D27E /* Openpay.m in Frameworks */ = {isa = PBXBuildFile; fileRef = 92617DFE228274BE0056D27E /* Openpay.m */; };
		92617E09228274DF0056D27E /* Openpay in Sources */ = {isa = PBXBuildFile; fileRef = 92617E08228274DE0056D27E /* Openpay */; };
		92ECC5B8228300550004AF7C /* OPAddress.h in CopyFiles */ = {isa = PBXBuildFile; fileRef = 92617DF9228274BE0056D27E /* OPAddress.h */; };
		92ECC5B9228300550004AF7C /* OPAddress.m in CopyFiles */ = {isa = PBXBuildFile; fileRef = 92617DF8228274BE0056D27E /* OPAddress.m */; };
		92ECC5BA228300550004AF7C /* OPCard.h in CopyFiles */ = {isa = PBXBuildFile; fileRef = 92617DF6228274BE0056D27E /* OPCard.h */; };
		92ECC5BB228300550004AF7C /* OPCard.m in CopyFiles */ = {isa = PBXBuildFile; fileRef = 92617DFC228274BE0056D27E /* OPCard.m */; };
		92ECC5BC228300550004AF7C /* Openpay-Prefix.pch in CopyFiles */ = {isa = PBXBuildFile; fileRef = 92617DF7228274BE0056D27E /* Openpay-Prefix.pch */; };
		92ECC5BD228300550004AF7C /* Openpay.h in CopyFiles */ = {isa = PBXBuildFile; fileRef = 92617DFD228274BE0056D27E /* Openpay.h */; };
		92ECC5BE228300550004AF7C /* Openpay.m in CopyFiles */ = {isa = PBXBuildFile; fileRef = 92617DFE228274BE0056D27E /* Openpay.m */; };
		92ECC5BF228300550004AF7C /* OPToken.h in CopyFiles */ = {isa = PBXBuildFile; fileRef = 92617DFA228274BE0056D27E /* OPToken.h */; };
		92ECC5C0228300550004AF7C /* OPToken.m in CopyFiles */ = {isa = PBXBuildFile; fileRef = 92617DFB228274BE0056D27E /* OPToken.m */; };
/* End PBXBuildFile section */

/* Begin PBXCopyFilesBuildPhase section */
		92ECC5B72283000A0004AF7C /* CopyFiles */ = {
			isa = PBXCopyFilesBuildPhase;
			buildActionMask = 2147483647;
			dstPath = "include/$(PRODUCT_NAME)";
			dstSubfolderSpec = 16;
			files = (
				92ECC5B8228300550004AF7C /* OPAddress.h in CopyFiles */,
				92ECC5B9228300550004AF7C /* OPAddress.m in CopyFiles */,
				92ECC5BA228300550004AF7C /* OPCard.h in CopyFiles */,
				92ECC5BB228300550004AF7C /* OPCard.m in CopyFiles */,
				92ECC5BC228300550004AF7C /* Openpay-Prefix.pch in CopyFiles */,
				92ECC5BD228300550004AF7C /* Openpay.h in CopyFiles */,
				92ECC5BE228300550004AF7C /* Openpay.m in CopyFiles */,
				92ECC5BF228300550004AF7C /* OPToken.h in CopyFiles */,
				92ECC5C0228300550004AF7C /* OPToken.m in CopyFiles */,
			);
			runOnlyForDeploymentPostprocessing = 0;
		};
/* End PBXCopyFilesBuildPhase section */

/* Begin PBXFileReference section */
		92617D5C228221F70056D27E /* OpenpayPoC.app */ = {isa = PBXFileReference; explicitFileType = wrapper.application; includeInIndex = 0; path = OpenpayPoC.app; sourceTree = BUILT_PRODUCTS_DIR; };
		92617D5F228221F80056D27E /* AppDelegate.swift */ = {isa = PBXFileReference; lastKnownFileType = sourcecode.swift; path = AppDelegate.swift; sourceTree = "<group>"; };
		92617D61228221F80056D27E /* ViewController.swift */ = {isa = PBXFileReference; lastKnownFileType = sourcecode.swift; path = ViewController.swift; sourceTree = "<group>"; };
		92617D64228221F80056D27E /* Base */ = {isa = PBXFileReference; lastKnownFileType = file.storyboard; name = Base; path = Base.lproj/Main.storyboard; sourceTree = "<group>"; };
		92617D66228221F90056D27E /* Assets.xcassets */ = {isa = PBXFileReference; lastKnownFileType = folder.assetcatalog; path = Assets.xcassets; sourceTree = "<group>"; };
		92617D69228221F90056D27E /* Base */ = {isa = PBXFileReference; lastKnownFileType = file.storyboard; name = Base; path = Base.lproj/LaunchScreen.storyboard; sourceTree = "<group>"; };
		92617D6B228221F90056D27E /* Info.plist */ = {isa = PBXFileReference; lastKnownFileType = text.plist.xml; path = Info.plist; sourceTree = "<group>"; };
		92617D74228223690056D27E /* WebKit.framework */ = {isa = PBXFileReference; lastKnownFileType = wrapper.framework; name = WebKit.framework; path = System/Library/Frameworks/WebKit.framework; sourceTree = SDKROOT; };
		92617D7B228223AE0056D27E /* OpenpayPoC-Bridging-Header.h */ = {isa = PBXFileReference; lastKnownFileType = sourcecode.c.h; path = "OpenpayPoC-Bridging-Header.h"; sourceTree = "<group>"; };
		92617DF42282749C0056D27E /* Openpay.a */ = {isa = PBXFileReference; lastKnownFileType = archive.ar; path = Openpay.a; sourceTree = "<group>"; };
		92617DF6228274BE0056D27E /* OPCard.h */ = {isa = PBXFileReference; lastKnownFileType = sourcecode.c.h; name = OPCard.h; path = Openpay/OPCard.h; sourceTree = "<group>"; };
		92617DF7228274BE0056D27E /* Openpay-Prefix.pch */ = {isa = PBXFileReference; lastKnownFileType = sourcecode.c.h; name = "Openpay-Prefix.pch"; path = "Openpay/Openpay-Prefix.pch"; sourceTree = "<group>"; };
		92617DF8228274BE0056D27E /* OPAddress.m */ = {isa = PBXFileReference; lastKnownFileType = sourcecode.c.objc; name = OPAddress.m; path = Openpay/OPAddress.m; sourceTree = "<group>"; };
		92617DF9228274BE0056D27E /* OPAddress.h */ = {isa = PBXFileReference; lastKnownFileType = sourcecode.c.h; name = OPAddress.h; path = Openpay/OPAddress.h; sourceTree = "<group>"; };
		92617DFA228274BE0056D27E /* OPToken.h */ = {isa = PBXFileReference; lastKnownFileType = sourcecode.c.h; name = OPToken.h; path = Openpay/OPToken.h; sourceTree = "<group>"; };
		92617DFB228274BE0056D27E /* OPToken.m */ = {isa = PBXFileReference; lastKnownFileType = sourcecode.c.objc; name = OPToken.m; path = Openpay/OPToken.m; sourceTree = "<group>"; };
		92617DFC228274BE0056D27E /* OPCard.m */ = {isa = PBXFileReference; lastKnownFileType = sourcecode.c.objc; name = OPCard.m; path = Openpay/OPCard.m; sourceTree = "<group>"; };
		92617DFD228274BE0056D27E /* Openpay.h */ = {isa = PBXFileReference; lastKnownFileType = sourcecode.c.h; name = Openpay.h; path = Openpay/Openpay.h; sourceTree = "<group>"; };
		92617DFE228274BE0056D27E /* Openpay.m */ = {isa = PBXFileReference; lastKnownFileType = sourcecode.c.objc; name = Openpay.m; path = Openpay/Openpay.m; sourceTree = "<group>"; };
		92617E08228274DE0056D27E /* Openpay */ = {isa = PBXFileReference; lastKnownFileType = folder; path = Openpay; sourceTree = SOURCE_ROOT; };
/* End PBXFileReference section */

/* Begin PBXFrameworksBuildPhase section */
		92617D59228221F70056D27E /* Frameworks */ = {
			isa = PBXFrameworksBuildPhase;
			buildActionMask = 2147483647;
			files = (
				92617DFF228274BE0056D27E /* OPCard.h in Frameworks */,
				92617E00228274BE0056D27E /* Openpay-Prefix.pch in Frameworks */,
				92617E01228274BE0056D27E /* OPAddress.m in Frameworks */,
				92617E02228274BE0056D27E /* OPAddress.h in Frameworks */,
				92617E03228274BE0056D27E /* OPToken.h in Frameworks */,
				92617E04228274BE0056D27E /* OPToken.m in Frameworks */,
				92617E05228274BE0056D27E /* OPCard.m in Frameworks */,
				92617E06228274BE0056D27E /* Openpay.h in Frameworks */,
				92617E07228274BE0056D27E /* Openpay.m in Frameworks */,
				92617DF52282749C0056D27E /* Openpay.a in Frameworks */,
				92617D75228223690056D27E /* WebKit.framework in Frameworks */,
			);
			runOnlyForDeploymentPostprocessing = 0;
		};
/* End PBXFrameworksBuildPhase section */

/* Begin PBXGroup section */
		92617D53228221F70056D27E = {
			isa = PBXGroup;
			children = (
				92617D5E228221F70056D27E /* OpenpayPoC */,
				92617D5D228221F70056D27E /* Products */,
				92617D71228223580056D27E /* Frameworks */,
			);
			sourceTree = "<group>";
		};
		92617D5D228221F70056D27E /* Products */ = {
			isa = PBXGroup;
			children = (
				92617D5C228221F70056D27E /* OpenpayPoC.app */,
			);
			name = Products;
			sourceTree = "<group>";
		};
		92617D5E228221F70056D27E /* OpenpayPoC */ = {
			isa = PBXGroup;
			children = (
				92617E08228274DE0056D27E /* Openpay */,
				92617D5F228221F80056D27E /* AppDelegate.swift */,
				92617D61228221F80056D27E /* ViewController.swift */,
				92617D63228221F80056D27E /* Main.storyboard */,
				92617D66228221F90056D27E /* Assets.xcassets */,
				92617D68228221F90056D27E /* LaunchScreen.storyboard */,
				92617D6B228221F90056D27E /* Info.plist */,
				92617D7B228223AE0056D27E /* OpenpayPoC-Bridging-Header.h */,
			);
			path = OpenpayPoC;
			sourceTree = "<group>";
		};
		92617D71228223580056D27E /* Frameworks */ = {
			isa = PBXGroup;
			children = (
				92617DF9228274BE0056D27E /* OPAddress.h */,
				92617DF8228274BE0056D27E /* OPAddress.m */,
				92617DF6228274BE0056D27E /* OPCard.h */,
				92617DFC228274BE0056D27E /* OPCard.m */,
				92617DF7228274BE0056D27E /* Openpay-Prefix.pch */,
				92617DFD228274BE0056D27E /* Openpay.h */,
				92617DFE228274BE0056D27E /* Openpay.m */,
				92617DFA228274BE0056D27E /* OPToken.h */,
				92617DFB228274BE0056D27E /* OPToken.m */,
				92617DF42282749C0056D27E /* Openpay.a */,
				92617D74228223690056D27E /* WebKit.framework */,
			);
			name = Frameworks;
			sourceTree = "<group>";
		};
/* End PBXGroup section */

/* Begin PBXNativeTarget section */
		92617D5B228221F70056D27E /* OpenpayPoC */ = {
			isa = PBXNativeTarget;
			buildConfigurationList = 92617D6E228221F90056D27E /* Build configuration list for PBXNativeTarget "OpenpayPoC" */;
			buildPhases = (
				92617D58228221F70056D27E /* Sources */,
				92617D59228221F70056D27E /* Frameworks */,
				92617D5A228221F70056D27E /* Resources */,
				92ECC5B72283000A0004AF7C /* CopyFiles */,
			);
			buildRules = (
			);
			dependencies = (
			);
			name = OpenpayPoC;
			productName = OpenpayPoC;
			productReference = 92617D5C228221F70056D27E /* OpenpayPoC.app */;
			productType = "com.apple.product-type.application";
		};
/* End PBXNativeTarget section */

/* Begin PBXProject section */
		92617D54228221F70056D27E /* Project object */ = {
			isa = PBXProject;
			attributes = {
				LastSwiftUpdateCheck = 1020;
				LastUpgradeCheck = 1020;
				ORGANIZATIONNAME = "Daniel Reyes";
				TargetAttributes = {
					92617D5B228221F70056D27E = {
						CreatedOnToolsVersion = 10.2.1;
						LastSwiftMigration = 1020;
					};
				};
			};
			buildConfigurationList = 92617D57228221F70056D27E /* Build configuration list for PBXProject "OpenpayPoC" */;
			compatibilityVersion = "Xcode 9.3";
			developmentRegion = en;
			hasScannedForEncodings = 0;
			knownRegions = (
				en,
				Base,
			);
			mainGroup = 92617D53228221F70056D27E;
			productRefGroup = 92617D5D228221F70056D27E /* Products */;
			projectDirPath = "";
			projectRoot = "";
			targets = (
				92617D5B228221F70056D27E /* OpenpayPoC */,
			);
		};
/* End PBXProject section */

/* Begin PBXResourcesBuildPhase section */
		92617D5A228221F70056D27E /* Resources */ = {
			isa = PBXResourcesBuildPhase;
			buildActionMask = 2147483647;
			files = (
				92617D6A228221F90056D27E /* LaunchScreen.storyboard in Resources */,
				92617D67228221F90056D27E /* Assets.xcassets in Resources */,
				92617D65228221F80056D27E /* Main.storyboard in Resources */,
			);
			runOnlyForDeploymentPostprocessing = 0;
		};
/* End PBXResourcesBuildPhase section */

/* Begin PBXSourcesBuildPhase section */
		92617D58228221F70056D27E /* Sources */ = {
			isa = PBXSourcesBuildPhase;
			buildActionMask = 2147483647;
			files = (
				92617E09228274DF0056D27E /* Openpay in Sources */,
				92617D62228221F80056D27E /* ViewController.swift in Sources */,
				92617D60228221F80056D27E /* AppDelegate.swift in Sources */,
			);
			runOnlyForDeploymentPostprocessing = 0;
		};
/* End PBXSourcesBuildPhase section */

/* Begin PBXVariantGroup section */
		92617D63228221F80056D27E /* Main.storyboard */ = {
			isa = PBXVariantGroup;
			children = (
				92617D64228221F80056D27E /* Base */,
			);
			name = Main.storyboard;
			sourceTree = "<group>";
		};
		92617D68228221F90056D27E /* LaunchScreen.storyboard */ = {
			isa = PBXVariantGroup;
			children = (
				92617D69228221F90056D27E /* Base */,
			);
			name = LaunchScreen.storyboard;
			sourceTree = "<group>";
		};
/* End PBXVariantGroup section */

/* Begin XCBuildConfiguration section */
		92617D6C228221F90056D27E /* Debug */ = {
			isa = XCBuildConfiguration;
			buildSettings = {
				ALWAYS_SEARCH_USER_PATHS = NO;
				CLANG_ANALYZER_NONNULL = YES;
				CLANG_ANALYZER_NUMBER_OBJECT_CONVERSION = YES_AGGRESSIVE;
				CLANG_CXX_LANGUAGE_STANDARD = "gnu++14";
				CLANG_CXX_LIBRARY = "libc++";
				CLANG_ENABLE_MODULES = YES;
				CLANG_ENABLE_OBJC_ARC = YES;
				CLANG_ENABLE_OBJC_WEAK = YES;
				CLANG_WARN_BLOCK_CAPTURE_AUTORELEASING = YES;
				CLANG_WARN_BOOL_CONVERSION = YES;
				CLANG_WARN_COMMA = YES;
				CLANG_WARN_CONSTANT_CONVERSION = YES;
				CLANG_WARN_DEPRECATED_OBJC_IMPLEMENTATIONS = YES;
				CLANG_WARN_DIRECT_OBJC_ISA_USAGE = YES_ERROR;
				CLANG_WARN_DOCUMENTATION_COMMENTS = YES;
				CLANG_WARN_EMPTY_BODY = YES;
				CLANG_WARN_ENUM_CONVERSION = YES;
				CLANG_WARN_INFINITE_RECURSION = YES;
				CLANG_WARN_INT_CONVERSION = YES;
				CLANG_WARN_NON_LITERAL_NULL_CONVERSION = YES;
				CLANG_WARN_OBJC_IMPLICIT_RETAIN_SELF = YES;
				CLANG_WARN_OBJC_LITERAL_CONVERSION = YES;
				CLANG_WARN_OBJC_ROOT_CLASS = YES_ERROR;
				CLANG_WARN_RANGE_LOOP_ANALYSIS = YES;
				CLANG_WARN_STRICT_PROTOTYPES = YES;
				CLANG_WARN_SUSPICIOUS_MOVE = YES;
				CLANG_WARN_UNGUARDED_AVAILABILITY = YES_AGGRESSIVE;
				CLANG_WARN_UNREACHABLE_CODE = YES;
				CLANG_WARN__DUPLICATE_METHOD_MATCH = YES;
				CODE_SIGN_IDENTITY = "iPhone Developer";
				COPY_PHASE_STRIP = NO;
				DEBUG_INFORMATION_FORMAT = dwarf;
				ENABLE_STRICT_OBJC_MSGSEND = YES;
				ENABLE_TESTABILITY = YES;
				GCC_C_LANGUAGE_STANDARD = gnu11;
				GCC_DYNAMIC_NO_PIC = NO;
				GCC_NO_COMMON_BLOCKS = YES;
				GCC_OPTIMIZATION_LEVEL = 0;
				GCC_PREPROCESSOR_DEFINITIONS = (
					"DEBUG=1",
					"$(inherited)",
				);
				GCC_WARN_64_TO_32_BIT_CONVERSION = YES;
				GCC_WARN_ABOUT_RETURN_TYPE = YES_ERROR;
				GCC_WARN_UNDECLARED_SELECTOR = YES;
				GCC_WARN_UNINITIALIZED_AUTOS = YES_AGGRESSIVE;
				GCC_WARN_UNUSED_FUNCTION = YES;
				GCC_WARN_UNUSED_VARIABLE = YES;
				IPHONEOS_DEPLOYMENT_TARGET = 12.2;
				MTL_ENABLE_DEBUG_INFO = INCLUDE_SOURCE;
				MTL_FAST_MATH = YES;
				ONLY_ACTIVE_ARCH = YES;
				SDKROOT = iphoneos;
				SWIFT_ACTIVE_COMPILATION_CONDITIONS = DEBUG;
				SWIFT_OPTIMIZATION_LEVEL = "-Onone";
			};
			name = Debug;
		};
		92617D6D228221F90056D27E /* Release */ = {
			isa = XCBuildConfiguration;
			buildSettings = {
				ALWAYS_SEARCH_USER_PATHS = NO;
				CLANG_ANALYZER_NONNULL = YES;
				CLANG_ANALYZER_NUMBER_OBJECT_CONVERSION = YES_AGGRESSIVE;
				CLANG_CXX_LANGUAGE_STANDARD = "gnu++14";
				CLANG_CXX_LIBRARY = "libc++";
				CLANG_ENABLE_MODULES = YES;
				CLANG_ENABLE_OBJC_ARC = YES;
				CLANG_ENABLE_OBJC_WEAK = YES;
				CLANG_WARN_BLOCK_CAPTURE_AUTORELEASING = YES;
				CLANG_WARN_BOOL_CONVERSION = YES;
				CLANG_WARN_COMMA = YES;
				CLANG_WARN_CONSTANT_CONVERSION = YES;
				CLANG_WARN_DEPRECATED_OBJC_IMPLEMENTATIONS = YES;
				CLANG_WARN_DIRECT_OBJC_ISA_USAGE = YES_ERROR;
				CLANG_WARN_DOCUMENTATION_COMMENTS = YES;
				CLANG_WARN_EMPTY_BODY = YES;
				CLANG_WARN_ENUM_CONVERSION = YES;
				CLANG_WARN_INFINITE_RECURSION = YES;
				CLANG_WARN_INT_CONVERSION = YES;
				CLANG_WARN_NON_LITERAL_NULL_CONVERSION = YES;
				CLANG_WARN_OBJC_IMPLICIT_RETAIN_SELF = YES;
				CLANG_WARN_OBJC_LITERAL_CONVERSION = YES;
				CLANG_WARN_OBJC_ROOT_CLASS = YES_ERROR;
				CLANG_WARN_RANGE_LOOP_ANALYSIS = YES;
				CLANG_WARN_STRICT_PROTOTYPES = YES;
				CLANG_WARN_SUSPICIOUS_MOVE = YES;
				CLANG_WARN_UNGUARDED_AVAILABILITY = YES_AGGRESSIVE;
				CLANG_WARN_UNREACHABLE_CODE = YES;
				CLANG_WARN__DUPLICATE_METHOD_MATCH = YES;
				CODE_SIGN_IDENTITY = "iPhone Developer";
				COPY_PHASE_STRIP = NO;
				DEBUG_INFORMATION_FORMAT = "dwarf-with-dsym";
				ENABLE_NS_ASSERTIONS = NO;
				ENABLE_STRICT_OBJC_MSGSEND = YES;
				GCC_C_LANGUAGE_STANDARD = gnu11;
				GCC_NO_COMMON_BLOCKS = YES;
				GCC_WARN_64_TO_32_BIT_CONVERSION = YES;
				GCC_WARN_ABOUT_RETURN_TYPE = YES_ERROR;
				GCC_WARN_UNDECLARED_SELECTOR = YES;
				GCC_WARN_UNINITIALIZED_AUTOS = YES_AGGRESSIVE;
				GCC_WARN_UNUSED_FUNCTION = YES;
				GCC_WARN_UNUSED_VARIABLE = YES;
				IPHONEOS_DEPLOYMENT_TARGET = 12.2;
				MTL_ENABLE_DEBUG_INFO = NO;
				MTL_FAST_MATH = YES;
				SDKROOT = iphoneos;
				SWIFT_COMPILATION_MODE = wholemodule;
				SWIFT_OPTIMIZATION_LEVEL = "-O";
				VALIDATE_PRODUCT = YES;
			};
			name = Release;
		};
		92617D6F228221F90056D27E /* Debug */ = {
			isa = XCBuildConfiguration;
			buildSettings = {
				ASSETCATALOG_COMPILER_APPICON_NAME = AppIcon;
				CLANG_ENABLE_MODULES = YES;
				CODE_SIGN_STYLE = Automatic;
				DEVELOPMENT_TEAM = RV42WS6MKU;
				ENABLE_BITCODE = NO;
				GCC_PREFIX_HEADER = "";
				HEADER_SEARCH_PATHS = "\"$(SRCROOT)/Openpay.a\"";
				INFOPLIST_FILE = OpenpayPoC/Info.plist;
				LD_RUNPATH_SEARCH_PATHS = (
					"$(inherited)",
					"@executable_path/Frameworks",
				);
				LIBRARY_SEARCH_PATHS = (
					"$(inherited)",
					"$(PROJECT_DIR)/OpenpayPoC",
					"$(PROJECT_DIR)",
				);
				PRODUCT_BUNDLE_IDENTIFIER = mx.skylabs.OpenpayPoC;
				PRODUCT_NAME = "$(TARGET_NAME)";
				SWIFT_OBJC_BRIDGING_HEADER = "OpenpayPoC/OpenpayPoC-Bridging-Header.h";
				SWIFT_OPTIMIZATION_LEVEL = "-Onone";
				SWIFT_VERSION = 5.0;
				TARGETED_DEVICE_FAMILY = "1,2";
			};
			name = Debug;
		};
		92617D70228221F90056D27E /* Release */ = {
			isa = XCBuildConfiguration;
			buildSettings = {
				ASSETCATALOG_COMPILER_APPICON_NAME = AppIcon;
				CLANG_ENABLE_MODULES = YES;
				CODE_SIGN_STYLE = Automatic;
				DEVELOPMENT_TEAM = RV42WS6MKU;
				ENABLE_BITCODE = NO;
				GCC_PREFIX_HEADER = "";
				HEADER_SEARCH_PATHS = "\"$(SRCROOT)/Openpay.a\"";
				INFOPLIST_FILE = OpenpayPoC/Info.plist;
				LD_RUNPATH_SEARCH_PATHS = (
					"$(inherited)",
					"@executable_path/Frameworks",
				);
				LIBRARY_SEARCH_PATHS = (
					"$(inherited)",
					"$(PROJECT_DIR)/OpenpayPoC",
					"$(PROJECT_DIR)",
				);
				PRODUCT_BUNDLE_IDENTIFIER = mx.skylabs.OpenpayPoC;
				PRODUCT_NAME = "$(TARGET_NAME)";
				SWIFT_OBJC_BRIDGING_HEADER = "OpenpayPoC/OpenpayPoC-Bridging-Header.h";
				SWIFT_VERSION = 5.0;
				TARGETED_DEVICE_FAMILY = "1,2";
			};
			name = Release;
		};
/* End XCBuildConfiguration section */

/* Begin XCConfigurationList section */
		92617D57228221F70056D27E /* Build configuration list for PBXProject "OpenpayPoC" */ = {
			isa = XCConfigurationList;
			buildConfigurations = (
				92617D6C228221F90056D27E /* Debug */,
				92617D6D228221F90056D27E /* Release */,
			);
			defaultConfigurationIsVisible = 0;
			defaultConfigurationName = Release;
		};
		92617D6E228221F90056D27E /* Build configuration list for PBXNativeTarget "OpenpayPoC" */ = {
			isa = XCConfigurationList;
			buildConfigurations = (
				92617D6F228221F90056D27E /* Debug */,
				92617D70228221F90056D27E /* Release */,
			);
			defaultConfigurationIsVisible = 0;
			defaultConfigurationName = Release;
		};
/* End XCConfigurationList section */
	};
	rootObject = 92617D54228221F70056D27E /* Project object */;
}
